
Microsoft Visual Studio Solution File, Format Version 12.00
# Visual Studio Version 17
VisualStudioVersion = 17.12.35527.113
MinimumVisualStudioVersion = 10.0.40219.1
Project("{2150E333-8FDC-42A3-9474-1A3956D46DE8}") = "ApiConsume", "ApiConsume", "{3486568C-5A40-47A6-8145-DFF46C50AE5B}"
EndProject
Project("{2150E333-8FDC-42A3-9474-1A3956D46DE8}") = "Frontend", "Frontend", "{F665F40D-B46C-4E4D-8C7D-0A3F0AC7C160}"
EndProject
Project("{FAE04EC0-301F-11D3-BF4B-00C04F79EFBC}") = "HotelProject.WebApi", "ApiConsume\HotelProject.WebApi\HotelProject.WebApi.csproj", "{ED821B3F-12AA-40E5-9742-9E06F571B77B}"
EndProject
Project("{FAE04EC0-301F-11D3-BF4B-00C04F79EFBC}") = "HotelProject.EntityLayer", "ApiConsume\HotelProject.EntityLayer\HotelProject.EntityLayer.csproj", "{318BCD8A-A0A0-4C07-8963-AC4210313BB5}"
EndProject
Project("{FAE04EC0-301F-11D3-BF4B-00C04F79EFBC}") = "HotelProject.DataAccessLayer", "ApiConsume\HotelProject.DataAccessLayer\HotelProject.DataAccessLayer.csproj", "{A1412DE3-6E10-40E3-A0EA-355A95F8C669}"
EndProject
Project("{FAE04EC0-301F-11D3-BF4B-00C04F79EFBC}") = "HotelProject.BusinessLayer", "ApiConsume\HotelProject.BusinessLayer\HotelProject.BusinessLayer.csproj", "{E6BA0B87-33F2-4690-958B-B2DFD02F81F3}"
EndProject
Project("{FAE04EC0-301F-11D3-BF4B-00C04F79EFBC}") = "HotelProject.DtoLayer", "ApiConsume\HotelProject.DtoLayer\HotelProject.DtoLayer.csproj", "{F1ABF054-204D-4547-9945-D2F29379F457}"
EndProject
Project("{FAE04EC0-301F-11D3-BF4B-00C04F79EFBC}") = "HotelProject.WebUI", "Frontend\HotelProject.WebUI\HotelProject.WebUI.csproj", "{C32BF76C-2541-4D4F-BDAE-0F17628F1B43}"
EndProject
Global
	GlobalSection(SolutionConfigurationPlatforms) = preSolution
		Debug|Any CPU = Debug|Any CPU
		Release|Any CPU = Release|Any CPU
	EndGlobalSection
	GlobalSection(ProjectConfigurationPlatforms) = postSolution
		{ED821B3F-12AA-40E5-9742-9E06F571B77B}.Debug|Any CPU.ActiveCfg = Debug|Any CPU
		{ED821B3F-12AA-40E5-9742-9E06F571B77B}.Debug|Any CPU.Build.0 = Debug|Any CPU
		{ED821B3F-12AA-40E5-9742-9E06F571B77B}.Release|Any CPU.ActiveCfg = Release|Any CPU
		{ED821B3F-12AA-40E5-9742-9E06F571B77B}.Release|Any CPU.Build.0 = Release|Any CPU
		{318BCD8A-A0A0-4C07-8963-AC4210313BB5}.Debug|Any CPU.ActiveCfg = Debug|Any CPU
		{318BCD8A-A0A0-4C07-8963-AC4210313BB5}.Debug|Any CPU.Build.0 = Debug|Any CPU
		{318BCD8A-A0A0-4C07-8963-AC4210313BB5}.Release|Any CPU.ActiveCfg = Release|Any CPU
		{318BCD8A-A0A0-4C07-8963-AC4210313BB5}.Release|Any CPU.Build.0 = Release|Any CPU
		{A1412DE3-6E10-40E3-A0EA-355A95F8C669}.Debug|Any CPU.ActiveCfg = Debug|Any CPU
		{A1412DE3-6E10-40E3-A0EA-355A95F8C669}.Debug|Any CPU.Build.0 = Debug|Any CPU
		{A1412DE3-6E10-40E3-A0EA-355A95F8C669}.Release|Any CPU.ActiveCfg = Release|Any CPU
		{A1412DE3-6E10-40E3-A0EA-355A95F8C669}.Release|Any CPU.Build.0 = Release|Any CPU
		{E6BA0B87-33F2-4690-958B-B2DFD02F81F3}.Debug|Any CPU.ActiveCfg = Debug|Any CPU
		{E6BA0B87-33F2-4690-958B-B2DFD02F81F3}.Debug|Any CPU.Build.0 = Debug|Any CPU
		{E6BA0B87-33F2-4690-958B-B2DFD02F81F3}.Release|Any CPU.ActiveCfg = Release|Any CPU
		{E6BA0B87-33F2-4690-958B-B2DFD02F81F3}.Release|Any CPU.Build.0 = Release|Any CPU
		{F1ABF054-204D-4547-9945-D2F29379F457}.Debug|Any CPU.ActiveCfg = Debug|Any CPU
		{F1ABF054-204D-4547-9945-D2F29379F457}.Debug|Any CPU.Build.0 = Debug|Any CPU
		{F1ABF054-204D-4547-9945-D2F29379F457}.Release|Any CPU.ActiveCfg = Release|Any CPU
		{F1ABF054-204D-4547-9945-D2F29379F457}.Release|Any CPU.Build.0 = Release|Any CPU
		{C32BF76C-2541-4D4F-BDAE-0F17628F1B43}.Debug|Any CPU.ActiveCfg = Debug|Any CPU
		{C32BF76C-2541-4D4F-BDAE-0F17628F1B43}.Debug|Any CPU.Build.0 = Debug|Any CPU
		{C32BF76C-2541-4D4F-BDAE-0F17628F1B43}.Release|Any CPU.ActiveCfg = Release|Any CPU
		{C32BF76C-2541-4D4F-BDAE-0F17628F1B43}.Release|Any CPU.Build.0 = Release|Any CPU
	EndGlobalSection
	GlobalSection(SolutionProperties) = preSolution
		HideSolutionNode = FALSE
	EndGlobalSection
	GlobalSection(NestedProjects) = preSolution
		{ED821B3F-12AA-40E5-9742-9E06F571B77B} = {3486568C-5A40-47A6-8145-DFF46C50AE5B}
		{318BCD8A-A0A0-4C07-8963-AC4210313BB5} = {3486568C-5A40-47A6-8145-DFF46C50AE5B}
		{A1412DE3-6E10-40E3-A0EA-355A95F8C669} = {3486568C-5A40-47A6-8145-DFF46C50AE5B}
		{E6BA0B87-33F2-4690-958B-B2DFD02F81F3} = {3486568C-5A40-47A6-8145-DFF46C50AE5B}
		{F1ABF054-204D-4547-9945-D2F29379F457} = {3486568C-5A40-47A6-8145-DFF46C50AE5B}
		{C32BF76C-2541-4D4F-BDAE-0F17628F1B43} = {F665F40D-B46C-4E4D-8C7D-0A3F0AC7C160}
	EndGlobalSection
EndGlobal
